
Microsoft Visual Studio Solution File, Format Version 12.00
# Visual Studio Version 17
VisualStudioVersion = 17.5.002.0
MinimumVisualStudioVersion = 10.0.40219.1
Project("{9A19103F-16F7-4668-BE54-9A1E7A4F7556}") = "Calculator", "Calculator.csproj", "{12B19B3E-11B7-4F7A-8A0E-BC9D9E5FD0D8}"
EndProject
Global
	GlobalSection(SolutionConfigurationPlatforms) = preSolution
		Debug|Any CPU = Debug|Any CPU
		Release|Any CPU = Release|Any CPU
	EndGlobalSection
	GlobalSection(ProjectConfigurationPlatforms) = postSolution
		{12B19B3E-11B7-4F7A-8A0E-BC9D9E5FD0D8}.Debug|Any CPU.ActiveCfg = Debug|Any CPU
		{12B19B3E-11B7-4F7A-8A0E-BC9D9E5FD0D8}.Debug|Any CPU.Build.0 = Debug|Any CPU
		{12B19B3E-11B7-4F7A-8A0E-BC9D9E5FD0D8}.Release|Any CPU.ActiveCfg = Release|Any CPU
		{12B19B3E-11B7-4F7A-8A0E-BC9D9E5FD0D8}.Release|Any CPU.Build.0 = Release|Any CPU
	EndGlobalSection
	GlobalSection(SolutionProperties) = preSolution
		HideSolutionNode = FALSE
	EndGlobalSection
	GlobalSection(ExtensibilityGlobals) = postSolution
		SolutionGuid = {4D51BECD-CA5C-4A40-9D4C-84D3D8641BB1}
	EndGlobalSection
EndGlobal
